
Microsoft Visual Studio Solution File, Format Version 12.00
# Visual Studio Version 17
VisualStudioVersion = 17.4.33403.182
MinimumVisualStudioVersion = 10.0.40219.1
Project("{9A19103F-16F7-4668-BE54-9A1E7A4F7556}") = "WebTest", "WebTest\WebTest.csproj", "{1683D9E1-E2A9-49B0-8B75-0D30A352155B}"
EndProject
Project("{FAE04EC0-301F-11D3-BF4B-00C04F79EFBC}") = "UnitTest", "UnitTest\UnitTest.csproj", "{33AB02DA-EDCB-4ACD-88DF-BA0BD1A52DA2}"
EndProject
Global
	GlobalSection(SolutionConfigurationPlatforms) = preSolution
		Debug|Any CPU = Debug|Any CPU
		Release|Any CPU = Release|Any CPU
	EndGlobalSection
	GlobalSection(ProjectConfigurationPlatforms) = postSolution
		{1683D9E1-E2A9-49B0-8B75-0D30A352155B}.Debug|Any CPU.ActiveCfg = Debug|Any CPU
		{1683D9E1-E2A9-49B0-8B75-0D30A352155B}.Debug|Any CPU.Build.0 = Debug|Any CPU
		{1683D9E1-E2A9-49B0-8B75-0D30A352155B}.Release|Any CPU.ActiveCfg = Release|Any CPU
		{1683D9E1-E2A9-49B0-8B75-0D30A352155B}.Release|Any CPU.Build.0 = Release|Any CPU
		{33AB02DA-EDCB-4ACD-88DF-BA0BD1A52DA2}.Debug|Any CPU.ActiveCfg = Debug|Any CPU
		{33AB02DA-EDCB-4ACD-88DF-BA0BD1A52DA2}.Debug|Any CPU.Build.0 = Debug|Any CPU
		{33AB02DA-EDCB-4ACD-88DF-BA0BD1A52DA2}.Release|Any CPU.ActiveCfg = Release|Any CPU
		{33AB02DA-EDCB-4ACD-88DF-BA0BD1A52DA2}.Release|Any CPU.Build.0 = Release|Any CPU
	EndGlobalSection
	GlobalSection(SolutionProperties) = preSolution
		HideSolutionNode = FALSE
	EndGlobalSection
	GlobalSection(ExtensibilityGlobals) = postSolution
		SolutionGuid = {84EA8E89-6966-43EA-8F1D-6DBDA5437654}
	EndGlobalSection
EndGlobal
